
Microsoft Visual Studio Solution File, Format Version 12.00
# Visual Studio 15
VisualStudioVersion = 15.0.28010.2050
MinimumVisualStudioVersion = 10.0.40219.1
Project("{FAE04EC0-301F-11D3-BF4B-00C04F79EFBC}") = "ДЕМОзадача 1", "ConsoleApp2\ДЕМОзадача 1.csproj", "{6528385E-E1BC-4BB9-8430-69C462799907}"
EndProject
Global
	GlobalSection(SolutionConfigurationPlatforms) = preSolution
		Debug|Any CPU = Debug|Any CPU
		Release|Any CPU = Release|Any CPU
	EndGlobalSection
	GlobalSection(ProjectConfigurationPlatforms) = postSolution
		{6528385E-E1BC-4BB9-8430-69C462799907}.Debug|Any CPU.ActiveCfg = Debug|Any CPU
		{6528385E-E1BC-4BB9-8430-69C462799907}.Debug|Any CPU.Build.0 = Debug|Any CPU
		{6528385E-E1BC-4BB9-8430-69C462799907}.Release|Any CPU.ActiveCfg = Release|Any CPU
		{6528385E-E1BC-4BB9-8430-69C462799907}.Release|Any CPU.Build.0 = Release|Any CPU
	EndGlobalSection
	GlobalSection(SolutionProperties) = preSolution
		HideSolutionNode = FALSE
	EndGlobalSection
	GlobalSection(ExtensibilityGlobals) = postSolution
		SolutionGuid = {E34FC55A-2CD5-41CB-8AE8-5E663B652A20}
	EndGlobalSection
EndGlobal
